
Microsoft Visual Studio Solution File, Format Version 12.00
# Visual Studio 2013
VisualStudioVersion = 12.0.31101.0
MinimumVisualStudioVersion = 10.0.40219.1
Project("{FAE04EC0-301F-11D3-BF4B-00C04F79EFBC}") = "ConfDude", "ConfDude\ConfDude.csproj", "{87FE3A2D-BD6C-4D5B-BBCE-787B2DCFD59A}"
EndProject
Project("{FAE04EC0-301F-11D3-BF4B-00C04F79EFBC}") = "WebHost", "WebHost\WebHost.csproj", "{F999CDCF-247E-4840-A54E-B94A7AF73AF0}"
EndProject
Project("{FAE04EC0-301F-11D3-BF4B-00C04F79EFBC}") = "DataContracts", "DataContracts\DataContracts.csproj", "{510AC13C-8621-4C6F-A8AD-C4ED137EA520}"
EndProject
Project("{2150E333-8FDC-42A3-9474-1A3956D46DE8}") = "Client", "Client", "{35063402-C8E1-4054-BEEA-8B0F32F675D6}"
EndProject
Project("{2150E333-8FDC-42A3-9474-1A3956D46DE8}") = "Server", "Server", "{5CA43705-CD2A-45AA-9807-D25A338160DB}"
	ProjectSection(SolutionItems) = preProject
		confdude.sql = confdude.sql
		netsh.txt = netsh.txt
	EndProjectSection
EndProject
Project("{2150E333-8FDC-42A3-9474-1A3956D46DE8}") = "Common", "Common", "{C69EF712-469C-4CCA-B6BC-230D6B3DC118}"
EndProject
Project("{FAE04EC0-301F-11D3-BF4B-00C04F79EFBC}") = "WebApis", "WebApis\WebApis.csproj", "{2947C809-5169-4CD6-A39C-965EB2AB46F0}"
EndProject
Project("{FAE04EC0-301F-11D3-BF4B-00C04F79EFBC}") = "Hosting", "Hosting\Hosting.csproj", "{328EAF48-ADCD-4191-A69B-9306FD5B8E3E}"
EndProject
Project("{FAE04EC0-301F-11D3-BF4B-00C04F79EFBC}") = "SelfHost", "SelfHost\SelfHost.csproj", "{A1F4DECA-EC6E-4EFC-BC4E-A2DC1DA2A918}"
EndProject
Project("{FAE04EC0-301F-11D3-BF4B-00C04F79EFBC}") = "BusinessLogic", "BusinessLogic\BusinessLogic.csproj", "{153AAF9C-1FCC-4151-A914-550BDBA0DD4C}"
EndProject
Project("{2150E333-8FDC-42A3-9474-1A3956D46DE8}") = "Hosts", "Hosts", "{63B3E097-DF89-4852-B6BD-BC9DBFE4B9A5}"
EndProject
Project("{2150E333-8FDC-42A3-9474-1A3956D46DE8}") = "Framework", "Framework", "{1BC78655-103A-43FE-82AE-72ED3C79F514}"
EndProject
Project("{FAE04EC0-301F-11D3-BF4B-00C04F79EFBC}") = "Contracts", "Contracts\Contracts.csproj", "{1B5C9924-A3F4-48BC-BA28-DE5E61AAB9B6}"
EndProject
Project("{2150E333-8FDC-42A3-9474-1A3956D46DE8}") = "Modules", "Modules", "{E2F8ADCF-30C6-466F-8BF1-C5A3260C622A}"
EndProject
Project("{FAE04EC0-301F-11D3-BF4B-00C04F79EFBC}") = "SpeakerModule", "SpeakerModule\SpeakerModule.csproj", "{6F0BE75A-9D60-4797-8C19-A70621A2FD36}"
EndProject
Global
	GlobalSection(SolutionConfigurationPlatforms) = preSolution
		Debug|Any CPU = Debug|Any CPU
		Release|Any CPU = Release|Any CPU
	EndGlobalSection
	GlobalSection(ProjectConfigurationPlatforms) = postSolution
		{87FE3A2D-BD6C-4D5B-BBCE-787B2DCFD59A}.Debug|Any CPU.ActiveCfg = Debug|Any CPU
		{87FE3A2D-BD6C-4D5B-BBCE-787B2DCFD59A}.Debug|Any CPU.Build.0 = Debug|Any CPU
		{87FE3A2D-BD6C-4D5B-BBCE-787B2DCFD59A}.Release|Any CPU.ActiveCfg = Release|Any CPU
		{87FE3A2D-BD6C-4D5B-BBCE-787B2DCFD59A}.Release|Any CPU.Build.0 = Release|Any CPU
		{F999CDCF-247E-4840-A54E-B94A7AF73AF0}.Debug|Any CPU.ActiveCfg = Debug|Any CPU
		{F999CDCF-247E-4840-A54E-B94A7AF73AF0}.Debug|Any CPU.Build.0 = Debug|Any CPU
		{F999CDCF-247E-4840-A54E-B94A7AF73AF0}.Release|Any CPU.ActiveCfg = Release|Any CPU
		{F999CDCF-247E-4840-A54E-B94A7AF73AF0}.Release|Any CPU.Build.0 = Release|Any CPU
		{510AC13C-8621-4C6F-A8AD-C4ED137EA520}.Debug|Any CPU.ActiveCfg = Debug|Any CPU
		{510AC13C-8621-4C6F-A8AD-C4ED137EA520}.Debug|Any CPU.Build.0 = Debug|Any CPU
		{510AC13C-8621-4C6F-A8AD-C4ED137EA520}.Release|Any CPU.ActiveCfg = Release|Any CPU
		{510AC13C-8621-4C6F-A8AD-C4ED137EA520}.Release|Any CPU.Build.0 = Release|Any CPU
		{2947C809-5169-4CD6-A39C-965EB2AB46F0}.Debug|Any CPU.ActiveCfg = Debug|Any CPU
		{2947C809-5169-4CD6-A39C-965EB2AB46F0}.Debug|Any CPU.Build.0 = Debug|Any CPU
		{2947C809-5169-4CD6-A39C-965EB2AB46F0}.Release|Any CPU.ActiveCfg = Release|Any CPU
		{2947C809-5169-4CD6-A39C-965EB2AB46F0}.Release|Any CPU.Build.0 = Release|Any CPU
		{328EAF48-ADCD-4191-A69B-9306FD5B8E3E}.Debug|Any CPU.ActiveCfg = Debug|Any CPU
		{328EAF48-ADCD-4191-A69B-9306FD5B8E3E}.Debug|Any CPU.Build.0 = Debug|Any CPU
		{328EAF48-ADCD-4191-A69B-9306FD5B8E3E}.Release|Any CPU.ActiveCfg = Release|Any CPU
		{328EAF48-ADCD-4191-A69B-9306FD5B8E3E}.Release|Any CPU.Build.0 = Release|Any CPU
		{A1F4DECA-EC6E-4EFC-BC4E-A2DC1DA2A918}.Debug|Any CPU.ActiveCfg = Debug|Any CPU
		{A1F4DECA-EC6E-4EFC-BC4E-A2DC1DA2A918}.Debug|Any CPU.Build.0 = Debug|Any CPU
		{A1F4DECA-EC6E-4EFC-BC4E-A2DC1DA2A918}.Release|Any CPU.ActiveCfg = Release|Any CPU
		{A1F4DECA-EC6E-4EFC-BC4E-A2DC1DA2A918}.Release|Any CPU.Build.0 = Release|Any CPU
		{153AAF9C-1FCC-4151-A914-550BDBA0DD4C}.Debug|Any CPU.ActiveCfg = Debug|Any CPU
		{153AAF9C-1FCC-4151-A914-550BDBA0DD4C}.Debug|Any CPU.Build.0 = Debug|Any CPU
		{153AAF9C-1FCC-4151-A914-550BDBA0DD4C}.Release|Any CPU.ActiveCfg = Release|Any CPU
		{153AAF9C-1FCC-4151-A914-550BDBA0DD4C}.Release|Any CPU.Build.0 = Release|Any CPU
		{1B5C9924-A3F4-48BC-BA28-DE5E61AAB9B6}.Debug|Any CPU.ActiveCfg = Debug|Any CPU
		{1B5C9924-A3F4-48BC-BA28-DE5E61AAB9B6}.Debug|Any CPU.Build.0 = Debug|Any CPU
		{1B5C9924-A3F4-48BC-BA28-DE5E61AAB9B6}.Release|Any CPU.ActiveCfg = Release|Any CPU
		{1B5C9924-A3F4-48BC-BA28-DE5E61AAB9B6}.Release|Any CPU.Build.0 = Release|Any CPU
		{6F0BE75A-9D60-4797-8C19-A70621A2FD36}.Debug|Any CPU.ActiveCfg = Debug|Any CPU
		{6F0BE75A-9D60-4797-8C19-A70621A2FD36}.Debug|Any CPU.Build.0 = Debug|Any CPU
		{6F0BE75A-9D60-4797-8C19-A70621A2FD36}.Release|Any CPU.ActiveCfg = Release|Any CPU
		{6F0BE75A-9D60-4797-8C19-A70621A2FD36}.Release|Any CPU.Build.0 = Release|Any CPU
	EndGlobalSection
	GlobalSection(SolutionProperties) = preSolution
		HideSolutionNode = FALSE
	EndGlobalSection
	GlobalSection(NestedProjects) = preSolution
		{87FE3A2D-BD6C-4D5B-BBCE-787B2DCFD59A} = {35063402-C8E1-4054-BEEA-8B0F32F675D6}
		{F999CDCF-247E-4840-A54E-B94A7AF73AF0} = {63B3E097-DF89-4852-B6BD-BC9DBFE4B9A5}
		{510AC13C-8621-4C6F-A8AD-C4ED137EA520} = {C69EF712-469C-4CCA-B6BC-230D6B3DC118}
		{2947C809-5169-4CD6-A39C-965EB2AB46F0} = {5CA43705-CD2A-45AA-9807-D25A338160DB}
		{328EAF48-ADCD-4191-A69B-9306FD5B8E3E} = {63B3E097-DF89-4852-B6BD-BC9DBFE4B9A5}
		{A1F4DECA-EC6E-4EFC-BC4E-A2DC1DA2A918} = {63B3E097-DF89-4852-B6BD-BC9DBFE4B9A5}
		{153AAF9C-1FCC-4151-A914-550BDBA0DD4C} = {5CA43705-CD2A-45AA-9807-D25A338160DB}
		{63B3E097-DF89-4852-B6BD-BC9DBFE4B9A5} = {5CA43705-CD2A-45AA-9807-D25A338160DB}
		{1BC78655-103A-43FE-82AE-72ED3C79F514} = {35063402-C8E1-4054-BEEA-8B0F32F675D6}
		{1B5C9924-A3F4-48BC-BA28-DE5E61AAB9B6} = {1BC78655-103A-43FE-82AE-72ED3C79F514}
		{E2F8ADCF-30C6-466F-8BF1-C5A3260C622A} = {35063402-C8E1-4054-BEEA-8B0F32F675D6}
		{6F0BE75A-9D60-4797-8C19-A70621A2FD36} = {E2F8ADCF-30C6-466F-8BF1-C5A3260C622A}
	EndGlobalSection
EndGlobal
